# THIS IS AN AUTOGENERATED FILE. DO NOT EDIT THIS FILE DIRECTLY.
# yarn lockfile v1


"@fortawesome/fontawesome-free@^5.15.1":
  version "5.15.1"
  resolved "https://registry.yarnpkg.com/@fortawesome/fontawesome-free/-/fontawesome-free-5.15.1.tgz#ccfef6ddbe59f8fe8f694783e1d3eb88902dc5eb"
  integrity sha512-OEdH7SyC1suTdhBGW91/zBfR6qaIhThbcN8PUXtXilY4GYnSBbVqOntdHbC1vXwsDnX0Qix2m2+DSU1J51ybOQ==

animate.css@3.5.0:
  version "3.5.0"
  resolved "https://registry.yarnpkg.com/animate.css/-/animate.css-3.5.0.tgz#21b8549f13fec035cd38fd1037c58cd49ad45ae5"
  integrity sha1-IbhUnxP+wDXNOP0QN8WM1JrUWuU=

bootstrap-growl-ifightcrime@1.1.0:
  version "1.1.0"
  resolved "https://registry.yarnpkg.com/bootstrap-growl-ifightcrime/-/bootstrap-growl-ifightcrime-1.1.0.tgz#3f83c12bd29281315580a05ec13841d60031539e"
  integrity sha1-P4PBK9KSgTFVgKBewThB1gAxU54=

bootstrap@^4.5.3:
  version "4.5.3"
  resolved "https://registry.yarnpkg.com/bootstrap/-/bootstrap-4.5.3.tgz#c6a72b355aaf323920be800246a6e4ef30997fe6"
  integrity sha512-o9ppKQioXGqhw8Z7mah6KdTYpNQY//tipnkxppWhPbiSWdD+1raYsnhwEZjkTHYbGee4cVQ0Rx65EhOY/HNLcQ==

fastclick@1.0.6:
  version "1.0.6"
  resolved "https://registry.yarnpkg.com/fastclick/-/fastclick-1.0.6.tgz#161625b27b1a5806405936bda9a2c1926d06be6a"
  integrity sha1-FhYlsnsaWAZAWTa9qaLBkm0Gvmo=

font-awesome@4.6.3:
  version "4.6.3"
  resolved "https://registry.yarnpkg.com/font-awesome/-/font-awesome-4.6.3.tgz#86933651540ee00874c664017f50f2172f6531a2"
  integrity sha1-hpM2UVQO4Ah0xmQBf1DyFy9lMaI=

jquery-mousewheel@>=3.0.6:
  version "3.1.13"
  resolved "https://registry.yarnpkg.com/jquery-mousewheel/-/jquery-mousewheel-3.1.13.tgz#06f0335f16e353a695e7206bf50503cb523a6ee5"
  integrity sha1-BvAzXxbjU6aV5yBr9QUDy1I6buU=

jquery-ui@^1.12.1:
  version "1.12.1"
  resolved "https://registry.yarnpkg.com/jquery-ui/-/jquery-ui-1.12.1.tgz#bcb4045c8dd0539c134bc1488cdd3e768a7a9e51"
  integrity sha1-vLQEXI3QU5wTS8FIjN0+dop6nlE=

jquery.easing@^1.4.1:
  version "1.4.1"
  resolved "https://registry.yarnpkg.com/jquery.easing/-/jquery.easing-1.4.1.tgz#47982c5836bd758fd48494923c4a101ef6e93e3b"
  integrity sha1-R5gsWDa9dY/UhJSSPEoQHvbpPjs=

jquery@^3.5.1:
  version "3.5.1"
  resolved "https://registry.yarnpkg.com/jquery/-/jquery-3.5.1.tgz#d7b4d08e1bfdb86ad2f1a3d039ea17304717abb5"
  integrity sha512-XwIBPqcMn57FxfT+Go5pzySnm4KWkT1Tv7gjrpT1srtf8Weynl6R273VJ5GjkRb51IzMp5nbaPjJXMWeju2MKg==

malihu-custom-scrollbar-plugin@3.1.3:
  version "3.1.3"
  resolved "https://registry.yarnpkg.com/malihu-custom-scrollbar-plugin/-/malihu-custom-scrollbar-plugin-3.1.3.tgz#2ec26d51df223c251e586fc6662702953bf026f1"
  integrity sha1-LsJtUd8iPCUeWG/GZicClTvwJvE=
  dependencies:
    jquery-mousewheel ">=3.0.6"

nprogress@0.2.0:
  version "0.2.0"
  resolved "https://registry.yarnpkg.com/nprogress/-/nprogress-0.2.0.tgz#cb8f34c53213d895723fcbab907e9422adbcafb1"
  integrity sha1-y480xTIT2JVyP8urkH6UIq28r7E=
